
Microsoft Visual Studio Solution File, Format Version 12.00
# Visual Studio Version 17
VisualStudioVersion = 17.9.34728.123
MinimumVisualStudioVersion = 10.0.40219.1
Project("{FAE04EC0-301F-11D3-BF4B-00C04F79EFBC}") = "Mindbox", "Mindbox\Mindbox.csproj", "{72BCE9FB-D52A-48A9-A359-28F512877803}"
EndProject
Project("{FAE04EC0-301F-11D3-BF4B-00C04F79EFBC}") = "NUnitTest", "NUnitTest\NUnitTest.csproj", "{3A6860B3-4DD6-4676-B50A-40E47E2EFE4A}"
EndProject
Global
	GlobalSection(SolutionConfigurationPlatforms) = preSolution
		Debug|Any CPU = Debug|Any CPU
		Release|Any CPU = Release|Any CPU
	EndGlobalSection
	GlobalSection(ProjectConfigurationPlatforms) = postSolution
		{72BCE9FB-D52A-48A9-A359-28F512877803}.Debug|Any CPU.ActiveCfg = Debug|Any CPU
		{72BCE9FB-D52A-48A9-A359-28F512877803}.Debug|Any CPU.Build.0 = Debug|Any CPU
		{72BCE9FB-D52A-48A9-A359-28F512877803}.Release|Any CPU.ActiveCfg = Release|Any CPU
		{72BCE9FB-D52A-48A9-A359-28F512877803}.Release|Any CPU.Build.0 = Release|Any CPU
		{3A6860B3-4DD6-4676-B50A-40E47E2EFE4A}.Debug|Any CPU.ActiveCfg = Debug|Any CPU
		{3A6860B3-4DD6-4676-B50A-40E47E2EFE4A}.Debug|Any CPU.Build.0 = Debug|Any CPU
		{3A6860B3-4DD6-4676-B50A-40E47E2EFE4A}.Release|Any CPU.ActiveCfg = Release|Any CPU
		{3A6860B3-4DD6-4676-B50A-40E47E2EFE4A}.Release|Any CPU.Build.0 = Release|Any CPU
	EndGlobalSection
	GlobalSection(SolutionProperties) = preSolution
		HideSolutionNode = FALSE
	EndGlobalSection
	GlobalSection(ExtensibilityGlobals) = postSolution
		SolutionGuid = {9BF09E5A-BE52-47CD-8D01-53B91B460EAB}
	EndGlobalSection
EndGlobal
